<?xml version="1.0" encoding="utf-8"?>
<Project ToolsVersion="4.0" xmlns="http://schemas.microsoft.com/developer/msbuild/2003">
  <ItemGroup>
    <Filter Include="源文件">
      <UniqueIdentifier>{4FC737F1-C7A5-4376-A066-2A32D752A2FF}</UniqueIdentifier>
      <Extensions>cpp;c;cc;cxx;def;odl;idl;hpj;bat;asm;asmx</Extensions>
    </Filter>
    <Filter Include="头文件">
      <UniqueIdentifier>{93995380-89BD-4b04-88EB-625FBE52EBFB}</UniqueIdentifier>
      <Extensions>h;hh;hpp;hxx;hm;inl;inc;xsd</Extensions>
    </Filter>
    <Filter Include="资源文件">
      <UniqueIdentifier>{67DA6AB6-F800-4c08-8B7A-83BB121AAD01}</UniqueIdentifier>
      <Extensions>rc;ico;cur;bmp;dlg;rc2;rct;bin;rgs;gif;jpg;jpeg;jpe;resx;tiff;tif;png;wav;mfcribbon-ms</Extensions>
    </Filter>
  </ItemGroup>
  <ItemGroup>
    <ClInclude Include="..\stitch\warp.h">
      <Filter>头文件</Filter>
    </ClInclude>
    <ClInclude Include="..\stitch\transform_estimate.h">
      <Filter>头文件</Filter>
    </ClInclude>
    <ClInclude Include="..\stitch\stitcher_image.h">
      <Filter>头文件</Filter>
    </ClInclude>
    <ClInclude Include="..\stitch\stitcherbase.h">
      <Filter>头文件</Filter>
    </ClInclude>
    <ClInclude Include="..\stitch\stitcher.h">
      <Filter>头文件</Filter>
    </ClInclude>
    <ClInclude Include="..\stitch\projection.h">
      <Filter>头文件</Filter>
    </ClInclude>
    <ClInclude Include="..\stitch\multiband.h">
      <Filter>头文件</Filter>
    </ClInclude>
    <ClInclude Include="..\stitch\match_info.h">
      <Filter>头文件</Filter>
    </ClInclude>
    <ClInclude Include="..\stitch\incremental_bundle_adjuster.h">
      <Filter>头文件</Filter>
    </ClInclude>
    <ClInclude Include="..\stitch\homography.h">
      <Filter>头文件</Filter>
    </ClInclude>
    <ClInclude Include="..\stitch\imageref.h">
      <Filter>头文件</Filter>
    </ClInclude>
    <ClInclude Include="..\stitch\cylstitcher.h">
      <Filter>头文件</Filter>
    </ClInclude>
    <ClInclude Include="..\stitch\camera_estimator.h">
      <Filter>头文件</Filter>
    </ClInclude>
    <ClInclude Include="..\stitch\camera.h">
      <Filter>头文件</Filter>
    </ClInclude>
    <ClInclude Include="..\stitch\blender.h">
      <Filter>头文件</Filter>
    </ClInclude>
    <ClInclude Include="..\lib\utils.h">
      <Filter>头文件</Filter>
    </ClInclude>
    <ClInclude Include="..\lib\polygon.h">
      <Filter>头文件</Filter>
    </ClInclude>
    <ClInclude Include="..\lib\planedrawer.h">
      <Filter>头文件</Filter>
    </ClInclude>
    <ClInclude Include="..\lib\matrix.h">
      <Filter>头文件</Filter>
    </ClInclude>
    <ClInclude Include="..\lib\mat.h">
      <Filter>头文件</Filter>
    </ClInclude>
    <ClInclude Include="..\lib\kdtree.h">
      <Filter>头文件</Filter>
    </ClInclude>
    <ClInclude Include="..\lib\imgproc.h">
      <Filter>头文件</Filter>
    </ClInclude>
    <ClInclude Include="..\lib\geometry.h">
      <Filter>头文件</Filter>
    </ClInclude>
    <ClInclude Include="..\lib\config.h">
      <Filter>头文件</Filter>
    </ClInclude>
    <ClInclude Include="..\lib\color.h">
      <Filter>头文件</Filter>
    </ClInclude>
    <ClInclude Include="..\lib\timer.h">
      <Filter>头文件</Filter>
    </ClInclude>
    <ClInclude Include="..\feature\sift.h">
      <Filter>头文件</Filter>
    </ClInclude>
    <ClInclude Include="..\feature\orientation.h">
      <Filter>头文件</Filter>
    </ClInclude>
    <ClInclude Include="..\feature\matcher.h">
      <Filter>头文件</Filter>
    </ClInclude>
    <ClInclude Include="..\feature\gaussian.h">
      <Filter>头文件</Filter>
    </ClInclude>
    <ClInclude Include="..\feature\feature.h">
      <Filter>头文件</Filter>
    </ClInclude>
    <ClInclude Include="..\feature\extrema.h">
      <Filter>头文件</Filter>
    </ClInclude>
    <ClInclude Include="..\feature\dog.h">
      <Filter>头文件</Filter>
    </ClInclude>
    <ClInclude Include="..\feature\dist.h">
      <Filter>头文件</Filter>
    </ClInclude>
    <ClInclude Include="..\feature\brief.h">
      <Filter>头文件</Filter>
    </ClInclude>
    <ClInclude Include="..\src\lib\debugutils.h">
      <Filter>头文件</Filter>
    </ClInclude>
  </ItemGroup>
  <ItemGroup>
    <ClCompile Include="..\src\stitch\warp.cpp">
      <Filter>源文件</Filter>
    </ClCompile>
    <ClCompile Include="..\src\stitch\transform_estimate.cpp">
      <Filter>源文件</Filter>
    </ClCompile>
    <ClCompile Include="..\src\stitch\stitcher_image.cpp">
      <Filter>源文件</Filter>
    </ClCompile>
    <ClCompile Include="..\src\stitch\stitcherbase.cpp">
      <Filter>源文件</Filter>
    </ClCompile>
    <ClCompile Include="..\src\stitch\stitcher.cpp">
      <Filter>源文件</Filter>
    </ClCompile>
    <ClCompile Include="..\src\stitch\multiband.cpp">
      <Filter>源文件</Filter>
    </ClCompile>
    <ClCompile Include="..\src\stitch\incremental_bundle_adjuster.cpp">
      <Filter>源文件</Filter>
    </ClCompile>
    <ClCompile Include="..\src\stitch\homography.cpp">
      <Filter>源文件</Filter>
    </ClCompile>
    <ClCompile Include="..\src\stitch\debug.cpp">
      <Filter>源文件</Filter>
    </ClCompile>
    <ClCompile Include="..\src\stitch\cylstitcher.cpp">
      <Filter>源文件</Filter>
    </ClCompile>
    <ClCompile Include="..\src\stitch\camera_estimator.cpp">
      <Filter>源文件</Filter>
    </ClCompile>
    <ClCompile Include="..\src\stitch\camera.cpp">
      <Filter>源文件</Filter>
    </ClCompile>
    <ClCompile Include="..\src\stitch\blender.cpp">
      <Filter>源文件</Filter>
    </ClCompile>
    <ClCompile Include="..\src\feature\sift.cpp">
      <Filter>源文件</Filter>
    </ClCompile>
    <ClCompile Include="..\src\feature\orientation.cpp">
      <Filter>源文件</Filter>
    </ClCompile>
    <ClCompile Include="..\src\feature\matcher.cpp">
      <Filter>源文件</Filter>
    </ClCompile>
    <ClCompile Include="..\src\feature\gaussian.cpp">
      <Filter>源文件</Filter>
    </ClCompile>
    <ClCompile Include="..\src\feature\feature.cpp">
      <Filter>源文件</Filter>
    </ClCompile>
    <ClCompile Include="..\src\feature\extrema.cpp">
      <Filter>源文件</Filter>
    </ClCompile>
    <ClCompile Include="..\src\feature\dog.cpp">
      <Filter>源文件</Filter>
    </ClCompile>
    <ClCompile Include="..\src\feature\dist.cpp">
      <Filter>源文件</Filter>
    </ClCompile>
    <ClCompile Include="..\src\feature\brief.cpp">
      <Filter>源文件</Filter>
    </ClCompile>
    <ClCompile Include="..\src\lib\utils.cpp">
      <Filter>源文件</Filter>
    </ClCompile>
    <ClCompile Include="..\src\lib\timer.cpp">
      <Filter>源文件</Filter>
    </ClCompile>
    <ClCompile Include="..\src\lib\polygon.cpp">
      <Filter>源文件</Filter>
    </ClCompile>
    <ClCompile Include="..\src\lib\planedrawer.cpp">
      <Filter>源文件</Filter>
    </ClCompile>
    <ClCompile Include="..\src\lib\matrix.cpp">
      <Filter>源文件</Filter>
    </ClCompile>
    <ClCompile Include="..\src\lib\kdtree.cpp">
      <Filter>源文件</Filter>
    </ClCompile>
    <ClCompile Include="..\src\lib\imgproc.cpp">
      <Filter>源文件</Filter>
    </ClCompile>
    <ClCompile Include="..\src\lib\imgio.cpp">
      <Filter>源文件</Filter>
    </ClCompile>
    <ClCompile Include="..\src\lib\debugutils.cpp">
      <Filter>源文件</Filter>
    </ClCompile>
    <ClCompile Include="..\src\lib\config.cpp">
      <Filter>源文件</Filter>
    </ClCompile>
    <ClCompile Include="..\src\lib\color.cpp">
      <Filter>源文件</Filter>
    </ClCompile>
    <ClCompile Include="..\src\third-party\lodepng\lodepng.cpp">
      <Filter>源文件</Filter>
    </ClCompile>
    <ClCompile Include="..\main.cpp">
      <Filter>源文件</Filter>
    </ClCompile>
  </ItemGroup>
  <ItemGroup>
    <None Include="..\Debug\config.cfg">
      <Filter>源文件</Filter>
    </None>
  </ItemGroup>
</Project>